
Microsoft Visual Studio Solution File, Format Version 12.00
# Visual Studio 15
VisualStudioVersion = 15.0.27130.2036
MinimumVisualStudioVersion = 10.0.40219.1
Project("{FAE04EC0-301F-11D3-BF4B-00C04F79EFBC}") = "CAYCANHNT", "CAYCANHNT\CAYCANHNT.csproj", "{40711F4F-586C-414E-9FD8-3FCD9696A7E1}"
EndProject
Project("{FAE04EC0-301F-11D3-BF4B-00C04F79EFBC}") = "Model", "Model\Model.csproj", "{C07729E1-0C52-4688-A348-DECA0A944508}"
EndProject
Global
	GlobalSection(SolutionConfigurationPlatforms) = preSolution
		Debug|Any CPU = Debug|Any CPU
		Release|Any CPU = Release|Any CPU
	EndGlobalSection
	GlobalSection(ProjectConfigurationPlatforms) = postSolution
		{40711F4F-586C-414E-9FD8-3FCD9696A7E1}.Debug|Any CPU.ActiveCfg = Debug|Any CPU
		{40711F4F-586C-414E-9FD8-3FCD9696A7E1}.Debug|Any CPU.Build.0 = Debug|Any CPU
		{40711F4F-586C-414E-9FD8-3FCD9696A7E1}.Release|Any CPU.ActiveCfg = Release|Any CPU
		{40711F4F-586C-414E-9FD8-3FCD9696A7E1}.Release|Any CPU.Build.0 = Release|Any CPU
		{C07729E1-0C52-4688-A348-DECA0A944508}.Debug|Any CPU.ActiveCfg = Debug|Any CPU
		{C07729E1-0C52-4688-A348-DECA0A944508}.Debug|Any CPU.Build.0 = Debug|Any CPU
		{C07729E1-0C52-4688-A348-DECA0A944508}.Release|Any CPU.ActiveCfg = Release|Any CPU
		{C07729E1-0C52-4688-A348-DECA0A944508}.Release|Any CPU.Build.0 = Release|Any CPU
	EndGlobalSection
	GlobalSection(SolutionProperties) = preSolution
		HideSolutionNode = FALSE
	EndGlobalSection
	GlobalSection(ExtensibilityGlobals) = postSolution
		SolutionGuid = {3CDDFB82-BB84-406B-91ED-3C2176002683}
	EndGlobalSection
EndGlobal
